// !$*UTF8*$!
{
	archiveVersion = 1;
	classes = {
	};
	objectVersion = 50;
	objects = {

/* Begin PBXBuildFile section */
		10E6342121E9B28C009F4832 /* AppDelegate.swift in Sources */ = {isa = PBXBuildFile; fileRef = 10E6342021E9B28C009F4832 /* AppDelegate.swift */; };
		10E6342321E9B28C009F4832 /* ViewController.swift in Sources */ = {isa = PBXBuildFile; fileRef = 10E6342221E9B28C009F4832 /* ViewController.swift */; };
		10E6342621E9B28C009F4832 /* Main.storyboard in Resources */ = {isa = PBXBuildFile; fileRef = 10E6342421E9B28C009F4832 /* Main.storyboard */; };
		10E6342821E9B28F009F4832 /* Assets.xcassets in Resources */ = {isa = PBXBuildFile; fileRef = 10E6342721E9B28F009F4832 /* Assets.xcassets */; };
		10E6342B21E9B28F009F4832 /* LaunchScreen.storyboard in Resources */ = {isa = PBXBuildFile; fileRef = 10E6342921E9B28F009F4832 /* LaunchScreen.storyboard */; };
		10E6343621E9B28F009F4832 /* OktaPKCETests.swift in Sources */ = {isa = PBXBuildFile; fileRef = 10E6343521E9B28F009F4832 /* OktaPKCETests.swift */; };
		10E6344121E9B28F009F4832 /* OktaPKCEUITests.swift in Sources */ = {isa = PBXBuildFile; fileRef = 10E6344021E9B28F009F4832 /* OktaPKCEUITests.swift */; };
		10E6345021E9B45C009F4832 /* AuthnResponse.swift in Sources */ = {isa = PBXBuildFile; fileRef = 10E6344F21E9B45C009F4832 /* AuthnResponse.swift */; };
		10E9620721EC058D00BD08A2 /* TokenResponse.swift in Sources */ = {isa = PBXBuildFile; fileRef = 10E9620621EC058D00BD08A2 /* TokenResponse.swift */; };
		52177B4A6A45429A2C6CF8E2 /* Pods_OktaPKCE.framework in Frameworks */ = {isa = PBXBuildFile; fileRef = 75B97DCDA5909F1A79FD0C58 /* Pods_OktaPKCE.framework */; };
		DE0941E7278788721F40B5AB /* Pods_OktaPKCETests.framework in Frameworks */ = {isa = PBXBuildFile; fileRef = 0D9940CE67F53B9E692BF380 /* Pods_OktaPKCETests.framework */; };
		FA017A30D632877C705206CB /* Pods_OktaPKCEUITests.framework in Frameworks */ = {isa = PBXBuildFile; fileRef = 2AC88CE77B6175D8AD3A7132 /* Pods_OktaPKCEUITests.framework */; };
/* End PBXBuildFile section */

/* Begin PBXContainerItemProxy section */
		10E6343221E9B28F009F4832 /* PBXContainerItemProxy */ = {
			isa = PBXContainerItemProxy;
			containerPortal = 10E6341521E9B28B009F4832 /* Project object */;
			proxyType = 1;
			remoteGlobalIDString = 10E6341C21E9B28C009F4832;
			remoteInfo = OktaPKCE;
		};
		10E6343D21E9B28F009F4832 /* PBXContainerItemProxy */ = {
			isa = PBXContainerItemProxy;
			containerPortal = 10E6341521E9B28B009F4832 /* Project object */;
			proxyType = 1;
			remoteGlobalIDString = 10E6341C21E9B28C009F4832;
			remoteInfo = OktaPKCE;
		};
/* End PBXContainerItemProxy section */

/* Begin PBXFileReference section */
		0D9940CE67F53B9E692BF380 /* Pods_OktaPKCETests.framework */ = {isa = PBXFileReference; explicitFileType = wrapper.framework; includeInIndex = 0; path = Pods_OktaPKCETests.framework; sourceTree = BUILT_PRODUCTS_DIR; };
		10E6341D21E9B28C009F4832 /* OktaPKCE.app */ = {isa = PBXFileReference; explicitFileType = wrapper.application; includeInIndex = 0; path = OktaPKCE.app; sourceTree = BUILT_PRODUCTS_DIR; };
		10E6342021E9B28C009F4832 /* AppDelegate.swift */ = {isa = PBXFileReference; lastKnownFileType = sourcecode.swift; path = AppDelegate.swift; sourceTree = "<group>"; };
		10E6342221E9B28C009F4832 /* ViewController.swift */ = {isa = PBXFileReference; lastKnownFileType = sourcecode.swift; path = ViewController.swift; sourceTree = "<group>"; };
		10E6342521E9B28C009F4832 /* Base */ = {isa = PBXFileReference; lastKnownFileType = file.storyboard; name = Base; path = Base.lproj/Main.storyboard; sourceTree = "<group>"; };
		10E6342721E9B28F009F4832 /* Assets.xcassets */ = {isa = PBXFileReference; lastKnownFileType = folder.assetcatalog; path = Assets.xcassets; sourceTree = "<group>"; };
		10E6342A21E9B28F009F4832 /* Base */ = {isa = PBXFileReference; lastKnownFileType = file.storyboard; name = Base; path = Base.lproj/LaunchScreen.storyboard; sourceTree = "<group>"; };
		10E6342C21E9B28F009F4832 /* Info.plist */ = {isa = PBXFileReference; lastKnownFileType = text.plist.xml; path = Info.plist; sourceTree = "<group>"; };
		10E6343121E9B28F009F4832 /* OktaPKCETests.xctest */ = {isa = PBXFileReference; explicitFileType = wrapper.cfbundle; includeInIndex = 0; path = OktaPKCETests.xctest; sourceTree = BUILT_PRODUCTS_DIR; };
		10E6343521E9B28F009F4832 /* OktaPKCETests.swift */ = {isa = PBXFileReference; lastKnownFileType = sourcecode.swift; path = OktaPKCETests.swift; sourceTree = "<group>"; };
		10E6343721E9B28F009F4832 /* Info.plist */ = {isa = PBXFileReference; lastKnownFileType = text.plist.xml; path = Info.plist; sourceTree = "<group>"; };
		10E6343C21E9B28F009F4832 /* OktaPKCEUITests.xctest */ = {isa = PBXFileReference; explicitFileType = wrapper.cfbundle; includeInIndex = 0; path = OktaPKCEUITests.xctest; sourceTree = BUILT_PRODUCTS_DIR; };
		10E6344021E9B28F009F4832 /* OktaPKCEUITests.swift */ = {isa = PBXFileReference; lastKnownFileType = sourcecode.swift; path = OktaPKCEUITests.swift; sourceTree = "<group>"; };
		10E6344221E9B28F009F4832 /* Info.plist */ = {isa = PBXFileReference; lastKnownFileType = text.plist.xml; path = Info.plist; sourceTree = "<group>"; };
		10E6344F21E9B45C009F4832 /* AuthnResponse.swift */ = {isa = PBXFileReference; lastKnownFileType = sourcecode.swift; path = AuthnResponse.swift; sourceTree = "<group>"; };
		10E9620621EC058D00BD08A2 /* TokenResponse.swift */ = {isa = PBXFileReference; lastKnownFileType = sourcecode.swift; path = TokenResponse.swift; sourceTree = "<group>"; };
		2AC88CE77B6175D8AD3A7132 /* Pods_OktaPKCEUITests.framework */ = {isa = PBXFileReference; explicitFileType = wrapper.framework; includeInIndex = 0; path = Pods_OktaPKCEUITests.framework; sourceTree = BUILT_PRODUCTS_DIR; };
		634C9ADB90DD0DC867AD8FFF /* Pods-OktaPKCEUITests.debug.xcconfig */ = {isa = PBXFileReference; includeInIndex = 1; lastKnownFileType = text.xcconfig; name = "Pods-OktaPKCEUITests.debug.xcconfig"; path = "Pods/Target Support Files/Pods-OktaPKCEUITests/Pods-OktaPKCEUITests.debug.xcconfig"; sourceTree = "<group>"; };
		6A0A04DF45F43DF050E02BCE /* Pods-OktaPKCETests.release.xcconfig */ = {isa = PBXFileReference; includeInIndex = 1; lastKnownFileType = text.xcconfig; name = "Pods-OktaPKCETests.release.xcconfig"; path = "Pods/Target Support Files/Pods-OktaPKCETests/Pods-OktaPKCETests.release.xcconfig"; sourceTree = "<group>"; };
		75B97DCDA5909F1A79FD0C58 /* Pods_OktaPKCE.framework */ = {isa = PBXFileReference; explicitFileType = wrapper.framework; includeInIndex = 0; path = Pods_OktaPKCE.framework; sourceTree = BUILT_PRODUCTS_DIR; };
		766BAF056F3850BC761C7E7E /* Pods-OktaPKCEUITests.release.xcconfig */ = {isa = PBXFileReference; includeInIndex = 1; lastKnownFileType = text.xcconfig; name = "Pods-OktaPKCEUITests.release.xcconfig"; path = "Pods/Target Support Files/Pods-OktaPKCEUITests/Pods-OktaPKCEUITests.release.xcconfig"; sourceTree = "<group>"; };
		7DE82947FFFCBC75CE864BA9 /* Pods-OktaPKCE.release.xcconfig */ = {isa = PBXFileReference; includeInIndex = 1; lastKnownFileType = text.xcconfig; name = "Pods-OktaPKCE.release.xcconfig"; path = "Pods/Target Support Files/Pods-OktaPKCE/Pods-OktaPKCE.release.xcconfig"; sourceTree = "<group>"; };
		AA48158F26FDAFFB0F104C89 /* Pods-OktaPKCETests.debug.xcconfig */ = {isa = PBXFileReference; includeInIndex = 1; lastKnownFileType = text.xcconfig; name = "Pods-OktaPKCETests.debug.xcconfig"; path = "Pods/Target Support Files/Pods-OktaPKCETests/Pods-OktaPKCETests.debug.xcconfig"; sourceTree = "<group>"; };
		DEAAD200A94832CC06C71E56 /* Pods-OktaPKCE.debug.xcconfig */ = {isa = PBXFileReference; includeInIndex = 1; lastKnownFileType = text.xcconfig; name = "Pods-OktaPKCE.debug.xcconfig"; path = "Pods/Target Support Files/Pods-OktaPKCE/Pods-OktaPKCE.debug.xcconfig"; sourceTree = "<group>"; };
/* End PBXFileReference section */

/* Begin PBXFrameworksBuildPhase section */
		10E6341A21E9B28C009F4832 /* Frameworks */ = {
			isa = PBXFrameworksBuildPhase;
			buildActionMask = 2147483647;
			files = (
				52177B4A6A45429A2C6CF8E2 /* Pods_OktaPKCE.framework in Frameworks */,
			);
			runOnlyForDeploymentPostprocessing = 0;
		};
		10E6342E21E9B28F009F4832 /* Frameworks */ = {
			isa = PBXFrameworksBuildPhase;
			buildActionMask = 2147483647;
			files = (
				DE0941E7278788721F40B5AB /* Pods_OktaPKCETests.framework in Frameworks */,
			);
			runOnlyForDeploymentPostprocessing = 0;
		};
		10E6343921E9B28F009F4832 /* Frameworks */ = {
			isa = PBXFrameworksBuildPhase;
			buildActionMask = 2147483647;
			files = (
				FA017A30D632877C705206CB /* Pods_OktaPKCEUITests.framework in Frameworks */,
			);
			runOnlyForDeploymentPostprocessing = 0;
		};
/* End PBXFrameworksBuildPhase section */

/* Begin PBXGroup section */
		10E6341421E9B28B009F4832 = {
			isa = PBXGroup;
			children = (
				10E6341F21E9B28C009F4832 /* OktaPKCE */,
				10E6343421E9B28F009F4832 /* OktaPKCETests */,
				10E6343F21E9B28F009F4832 /* OktaPKCEUITests */,
				10E6341E21E9B28C009F4832 /* Products */,
				BADD0427CCAE95D50A2F4EFB /* Pods */,
				4DFE3E93827B785414941F7D /* Frameworks */,
			);
			sourceTree = "<group>";
		};
		10E6341E21E9B28C009F4832 /* Products */ = {
			isa = PBXGroup;
			children = (
				10E6341D21E9B28C009F4832 /* OktaPKCE.app */,
				10E6343121E9B28F009F4832 /* OktaPKCETests.xctest */,
				10E6343C21E9B28F009F4832 /* OktaPKCEUITests.xctest */,
			);
			name = Products;
			sourceTree = "<group>";
		};
		10E6341F21E9B28C009F4832 /* OktaPKCE */ = {
			isa = PBXGroup;
			children = (
				10E6344E21E9B446009F4832 /* Models */,
				10E6342021E9B28C009F4832 /* AppDelegate.swift */,
				10E6342221E9B28C009F4832 /* ViewController.swift */,
				10E6342421E9B28C009F4832 /* Main.storyboard */,
				10E6342721E9B28F009F4832 /* Assets.xcassets */,
				10E6342921E9B28F009F4832 /* LaunchScreen.storyboard */,
				10E6342C21E9B28F009F4832 /* Info.plist */,
			);
			path = OktaPKCE;
			sourceTree = "<group>";
		};
		10E6343421E9B28F009F4832 /* OktaPKCETests */ = {
			isa = PBXGroup;
			children = (
				10E6343521E9B28F009F4832 /* OktaPKCETests.swift */,
				10E6343721E9B28F009F4832 /* Info.plist */,
			);
			path = OktaPKCETests;
			sourceTree = "<group>";
		};
		10E6343F21E9B28F009F4832 /* OktaPKCEUITests */ = {
			isa = PBXGroup;
			children = (
				10E6344021E9B28F009F4832 /* OktaPKCEUITests.swift */,
				10E6344221E9B28F009F4832 /* Info.plist */,
			);
			path = OktaPKCEUITests;
			sourceTree = "<group>";
		};
		10E6344E21E9B446009F4832 /* Models */ = {
			isa = PBXGroup;
			children = (
				10E6344F21E9B45C009F4832 /* AuthnResponse.swift */,
				10E9620621EC058D00BD08A2 /* TokenResponse.swift */,
			);
			path = Models;
			sourceTree = "<group>";
		};
		4DFE3E93827B785414941F7D /* Frameworks */ = {
			isa = PBXGroup;
			children = (
				75B97DCDA5909F1A79FD0C58 /* Pods_OktaPKCE.framework */,
				0D9940CE67F53B9E692BF380 /* Pods_OktaPKCETests.framework */,
				2AC88CE77B6175D8AD3A7132 /* Pods_OktaPKCEUITests.framework */,
			);
			name = Frameworks;
			sourceTree = "<group>";
		};
		BADD0427CCAE95D50A2F4EFB /* Pods */ = {
			isa = PBXGroup;
			children = (
				DEAAD200A94832CC06C71E56 /* Pods-OktaPKCE.debug.xcconfig */,
				7DE82947FFFCBC75CE864BA9 /* Pods-OktaPKCE.release.xcconfig */,
				AA48158F26FDAFFB0F104C89 /* Pods-OktaPKCETests.debug.xcconfig */,
				6A0A04DF45F43DF050E02BCE /* Pods-OktaPKCETests.release.xcconfig */,
				634C9ADB90DD0DC867AD8FFF /* Pods-OktaPKCEUITests.debug.xcconfig */,
				766BAF056F3850BC761C7E7E /* Pods-OktaPKCEUITests.release.xcconfig */,
			);
			name = Pods;
			sourceTree = "<group>";
		};
/* End PBXGroup section */

/* Begin PBXNativeTarget section */
		10E6341C21E9B28C009F4832 /* OktaPKCE */ = {
			isa = PBXNativeTarget;
			buildConfigurationList = 10E6344521E9B28F009F4832 /* Build configuration list for PBXNativeTarget "OktaPKCE" */;
			buildPhases = (
				DE6B4AB44C593BDA79D50787 /* [CP] Check Pods Manifest.lock */,
				10E6341921E9B28C009F4832 /* Sources */,
				10E6341A21E9B28C009F4832 /* Frameworks */,
				10E6341B21E9B28C009F4832 /* Resources */,
				F3F20A2E55C09F95865945D0 /* [CP] Embed Pods Frameworks */,
			);
			buildRules = (
			);
			dependencies = (
			);
			name = OktaPKCE;
			productName = OktaPKCE;
			productReference = 10E6341D21E9B28C009F4832 /* OktaPKCE.app */;
			productType = "com.apple.product-type.application";
		};
		10E6343021E9B28F009F4832 /* OktaPKCETests */ = {
			isa = PBXNativeTarget;
			buildConfigurationList = 10E6344821E9B28F009F4832 /* Build configuration list for PBXNativeTarget "OktaPKCETests" */;
			buildPhases = (
				5A1F2A4BF50F208A96339E65 /* [CP] Check Pods Manifest.lock */,
				10E6342D21E9B28F009F4832 /* Sources */,
				10E6342E21E9B28F009F4832 /* Frameworks */,
				10E6342F21E9B28F009F4832 /* Resources */,
			);
			buildRules = (
			);
			dependencies = (
				10E6343321E9B28F009F4832 /* PBXTargetDependency */,
			);
			name = OktaPKCETests;
			productName = OktaPKCETests;
			productReference = 10E6343121E9B28F009F4832 /* OktaPKCETests.xctest */;
			productType = "com.apple.product-type.bundle.unit-test";
		};
		10E6343B21E9B28F009F4832 /* OktaPKCEUITests */ = {
			isa = PBXNativeTarget;
			buildConfigurationList = 10E6344B21E9B28F009F4832 /* Build configuration list for PBXNativeTarget "OktaPKCEUITests" */;
			buildPhases = (
				F4ACD51A10F974EA7126D170 /* [CP] Check Pods Manifest.lock */,
				10E6343821E9B28F009F4832 /* Sources */,
				10E6343921E9B28F009F4832 /* Frameworks */,
				10E6343A21E9B28F009F4832 /* Resources */,
			);
			buildRules = (
			);
			dependencies = (
				10E6343E21E9B28F009F4832 /* PBXTargetDependency */,
			);
			name = OktaPKCEUITests;
			productName = OktaPKCEUITests;
			productReference = 10E6343C21E9B28F009F4832 /* OktaPKCEUITests.xctest */;
			productType = "com.apple.product-type.bundle.ui-testing";
		};
/* End PBXNativeTarget section */

/* Begin PBXProject section */
		10E6341521E9B28B009F4832 /* Project object */ = {
			isa = PBXProject;
			attributes = {
				LastSwiftUpdateCheck = 1010;
				LastUpgradeCheck = 1010;
				ORGANIZATIONNAME = "Pedro Antonio González Laínez";
				TargetAttributes = {
					10E6341C21E9B28C009F4832 = {
						CreatedOnToolsVersion = 10.1;
					};
					10E6343021E9B28F009F4832 = {
						CreatedOnToolsVersion = 10.1;
						TestTargetID = 10E6341C21E9B28C009F4832;
					};
					10E6343B21E9B28F009F4832 = {
						CreatedOnToolsVersion = 10.1;
						TestTargetID = 10E6341C21E9B28C009F4832;
					};
				};
			};
			buildConfigurationList = 10E6341821E9B28B009F4832 /* Build configuration list for PBXProject "OktaPKCE" */;
			compatibilityVersion = "Xcode 9.3";
			developmentRegion = en;
			hasScannedForEncodings = 0;
			knownRegions = (
				en,
				Base,
			);
			mainGroup = 10E6341421E9B28B009F4832;
			productRefGroup = 10E6341E21E9B28C009F4832 /* Products */;
			projectDirPath = "";
			projectRoot = "";
			targets = (
				10E6341C21E9B28C009F4832 /* OktaPKCE */,
				10E6343021E9B28F009F4832 /* OktaPKCETests */,
				10E6343B21E9B28F009F4832 /* OktaPKCEUITests */,
			);
		};
/* End PBXProject section */

/* Begin PBXResourcesBuildPhase section */
		10E6341B21E9B28C009F4832 /* Resources */ = {
			isa = PBXResourcesBuildPhase;
			buildActionMask = 2147483647;
			files = (
				10E6342B21E9B28F009F4832 /* LaunchScreen.storyboard in Resources */,
				10E6342821E9B28F009F4832 /* Assets.xcassets in Resources */,
				10E6342621E9B28C009F4832 /* Main.storyboard in Resources */,
			);
			runOnlyForDeploymentPostprocessing = 0;
		};
		10E6342F21E9B28F009F4832 /* Resources */ = {
			isa = PBXResourcesBuildPhase;
			buildActionMask = 2147483647;
			files = (
			);
			runOnlyForDeploymentPostprocessing = 0;
		};
		10E6343A21E9B28F009F4832 /* Resources */ = {
			isa = PBXResourcesBuildPhase;
			buildActionMask = 2147483647;
			files = (
			);
			runOnlyForDeploymentPostprocessing = 0;
		};
/* End PBXResourcesBuildPhase section */

/* Begin PBXShellScriptBuildPhase section */
		5A1F2A4BF50F208A96339E65 /* [CP] Check Pods Manifest.lock */ = {
			isa = PBXShellScriptBuildPhase;
			buildActionMask = 2147483647;
			files = (
			);
			inputPaths = (
				"${PODS_PODFILE_DIR_PATH}/Podfile.lock",
				"${PODS_ROOT}/Manifest.lock",
			);
			name = "[CP] Check Pods Manifest.lock";
			outputPaths = (
				"$(DERIVED_FILE_DIR)/Pods-OktaPKCETests-checkManifestLockResult.txt",
			);
			runOnlyForDeploymentPostprocessing = 0;
			shellPath = /bin/sh;
			shellScript = "diff \"${PODS_PODFILE_DIR_PATH}/Podfile.lock\" \"${PODS_ROOT}/Manifest.lock\" > /dev/null\nif [ $? != 0 ] ; then\n    # print error to STDERR\n    echo \"error: The sandbox is not in sync with the Podfile.lock. Run 'pod install' or update your CocoaPods installation.\" >&2\n    exit 1\nfi\n# This output is used by Xcode 'outputs' to avoid re-running this script phase.\necho \"SUCCESS\" > \"${SCRIPT_OUTPUT_FILE_0}\"\n";
			showEnvVarsInLog = 0;
		};
		DE6B4AB44C593BDA79D50787 /* [CP] Check Pods Manifest.lock */ = {
			isa = PBXShellScriptBuildPhase;
			buildActionMask = 2147483647;
			files = (
			);
			inputPaths = (
				"${PODS_PODFILE_DIR_PATH}/Podfile.lock",
				"${PODS_ROOT}/Manifest.lock",
			);
			name = "[CP] Check Pods Manifest.lock";
			outputPaths = (
				"$(DERIVED_FILE_DIR)/Pods-OktaPKCE-checkManifestLockResult.txt",
			);
			runOnlyForDeploymentPostprocessing = 0;
			shellPath = /bin/sh;
			shellScript = "diff \"${PODS_PODFILE_DIR_PATH}/Podfile.lock\" \"${PODS_ROOT}/Manifest.lock\" > /dev/null\nif [ $? != 0 ] ; then\n    # print error to STDERR\n    echo \"error: The sandbox is not in sync with the Podfile.lock. Run 'pod install' or update your CocoaPods installation.\" >&2\n    exit 1\nfi\n# This output is used by Xcode 'outputs' to avoid re-running this script phase.\necho \"SUCCESS\" > \"${SCRIPT_OUTPUT_FILE_0}\"\n";
			showEnvVarsInLog = 0;
		};
		F3F20A2E55C09F95865945D0 /* [CP] Embed Pods Frameworks */ = {
			isa = PBXShellScriptBuildPhase;
			buildActionMask = 2147483647;
			files = (
			);
			inputPaths = (
				"${SRCROOT}/Pods/Target Support Files/Pods-OktaPKCE/Pods-OktaPKCE-frameworks.sh",
				"${BUILT_PRODUCTS_DIR}/Alamofire/Alamofire.framework",
			);
			name = "[CP] Embed Pods Frameworks";
			outputPaths = (
				"${TARGET_BUILD_DIR}/${FRAMEWORKS_FOLDER_PATH}/Alamofire.framework",
			);
			runOnlyForDeploymentPostprocessing = 0;
			shellPath = /bin/sh;
			shellScript = "\"${SRCROOT}/Pods/Target Support Files/Pods-OktaPKCE/Pods-OktaPKCE-frameworks.sh\"\n";
			showEnvVarsInLog = 0;
		};
		F4ACD51A10F974EA7126D170 /* [CP] Check Pods Manifest.lock */ = {
			isa = PBXShellScriptBuildPhase;
			buildActionMask = 2147483647;
			files = (
			);
			inputPaths = (
				"${PODS_PODFILE_DIR_PATH}/Podfile.lock",
				"${PODS_ROOT}/Manifest.lock",
			);
			name = "[CP] Check Pods Manifest.lock";
			outputPaths = (
				"$(DERIVED_FILE_DIR)/Pods-OktaPKCEUITests-checkManifestLockResult.txt",
			);
			runOnlyForDeploymentPostprocessing = 0;
			shellPath = /bin/sh;
			shellScript = "diff \"${PODS_PODFILE_DIR_PATH}/Podfile.lock\" \"${PODS_ROOT}/Manifest.lock\" > /dev/null\nif [ $? != 0 ] ; then\n    # print error to STDERR\n    echo \"error: The sandbox is not in sync with the Podfile.lock. Run 'pod install' or update your CocoaPods installation.\" >&2\n    exit 1\nfi\n# This output is used by Xcode 'outputs' to avoid re-running this script phase.\necho \"SUCCESS\" > \"${SCRIPT_OUTPUT_FILE_0}\"\n";
			showEnvVarsInLog = 0;
		};
/* End PBXShellScriptBuildPhase section */

/* Begin PBXSourcesBuildPhase section */
		10E6341921E9B28C009F4832 /* Sources */ = {
			isa = PBXSourcesBuildPhase;
			buildActionMask = 2147483647;
			files = (
				10E6342321E9B28C009F4832 /* ViewController.swift in Sources */,
				10E6342121E9B28C009F4832 /* AppDelegate.swift in Sources */,
				10E9620721EC058D00BD08A2 /* TokenResponse.swift in Sources */,
				10E6345021E9B45C009F4832 /* AuthnResponse.swift in Sources */,
			);
			runOnlyForDeploymentPostprocessing = 0;
		};
		10E6342D21E9B28F009F4832 /* Sources */ = {
			isa = PBXSourcesBuildPhase;
			buildActionMask = 2147483647;
			files = (
				10E6343621E9B28F009F4832 /* OktaPKCETests.swift in Sources */,
			);
			runOnlyForDeploymentPostprocessing = 0;
		};
		10E6343821E9B28F009F4832 /* Sources */ = {
			isa = PBXSourcesBuildPhase;
			buildActionMask = 2147483647;
			files = (
				10E6344121E9B28F009F4832 /* OktaPKCEUITests.swift in Sources */,
			);
			runOnlyForDeploymentPostprocessing = 0;
		};
/* End PBXSourcesBuildPhase section */

/* Begin PBXTargetDependency section */
		10E6343321E9B28F009F4832 /* PBXTargetDependency */ = {
			isa = PBXTargetDependency;
			target = 10E6341C21E9B28C009F4832 /* OktaPKCE */;
			targetProxy = 10E6343221E9B28F009F4832 /* PBXContainerItemProxy */;
		};
		10E6343E21E9B28F009F4832 /* PBXTargetDependency */ = {
			isa = PBXTargetDependency;
			target = 10E6341C21E9B28C009F4832 /* OktaPKCE */;
			targetProxy = 10E6343D21E9B28F009F4832 /* PBXContainerItemProxy */;
		};
/* End PBXTargetDependency section */

/* Begin PBXVariantGroup section */
		10E6342421E9B28C009F4832 /* Main.storyboard */ = {
			isa = PBXVariantGroup;
			children = (
				10E6342521E9B28C009F4832 /* Base */,
			);
			name = Main.storyboard;
			sourceTree = "<group>";
		};
		10E6342921E9B28F009F4832 /* LaunchScreen.storyboard */ = {
			isa = PBXVariantGroup;
			children = (
				10E6342A21E9B28F009F4832 /* Base */,
			);
			name = LaunchScreen.storyboard;
			sourceTree = "<group>";
		};
/* End PBXVariantGroup section */

/* Begin XCBuildConfiguration section */
		10E6344321E9B28F009F4832 /* Debug */ = {
			isa = XCBuildConfiguration;
			buildSettings = {
				ALWAYS_SEARCH_USER_PATHS = NO;
				CLANG_ANALYZER_NONNULL = YES;
				CLANG_ANALYZER_NUMBER_OBJECT_CONVERSION = YES_AGGRESSIVE;
				CLANG_CXX_LANGUAGE_STANDARD = "gnu++14";
				CLANG_CXX_LIBRARY = "libc++";
				CLANG_ENABLE_MODULES = YES;
				CLANG_ENABLE_OBJC_ARC = YES;
				CLANG_ENABLE_OBJC_WEAK = YES;
				CLANG_WARN_BLOCK_CAPTURE_AUTORELEASING = YES;
				CLANG_WARN_BOOL_CONVERSION = YES;
				CLANG_WARN_COMMA = YES;
				CLANG_WARN_CONSTANT_CONVERSION = YES;
				CLANG_WARN_DEPRECATED_OBJC_IMPLEMENTATIONS = YES;
				CLANG_WARN_DIRECT_OBJC_ISA_USAGE = YES_ERROR;
				CLANG_WARN_DOCUMENTATION_COMMENTS = YES;
				CLANG_WARN_EMPTY_BODY = YES;
				CLANG_WARN_ENUM_CONVERSION = YES;
				CLANG_WARN_INFINITE_RECURSION = YES;
				CLANG_WARN_INT_CONVERSION = YES;
				CLANG_WARN_NON_LITERAL_NULL_CONVERSION = YES;
				CLANG_WARN_OBJC_IMPLICIT_RETAIN_SELF = YES;
				CLANG_WARN_OBJC_LITERAL_CONVERSION = YES;
				CLANG_WARN_OBJC_ROOT_CLASS = YES_ERROR;
				CLANG_WARN_RANGE_LOOP_ANALYSIS = YES;
				CLANG_WARN_STRICT_PROTOTYPES = YES;
				CLANG_WARN_SUSPICIOUS_MOVE = YES;
				CLANG_WARN_UNGUARDED_AVAILABILITY = YES_AGGRESSIVE;
				CLANG_WARN_UNREACHABLE_CODE = YES;
				CLANG_WARN__DUPLICATE_METHOD_MATCH = YES;
				CODE_SIGN_IDENTITY = "iPhone Developer";
				COPY_PHASE_STRIP = NO;
				DEBUG_INFORMATION_FORMAT = dwarf;
				ENABLE_STRICT_OBJC_MSGSEND = YES;
				ENABLE_TESTABILITY = YES;
				GCC_C_LANGUAGE_STANDARD = gnu11;
				GCC_DYNAMIC_NO_PIC = NO;
				GCC_NO_COMMON_BLOCKS = YES;
				GCC_OPTIMIZATION_LEVEL = 0;
				GCC_PREPROCESSOR_DEFINITIONS = (
					"DEBUG=1",
					"$(inherited)",
				);
				GCC_WARN_64_TO_32_BIT_CONVERSION = YES;
				GCC_WARN_ABOUT_RETURN_TYPE = YES_ERROR;
				GCC_WARN_UNDECLARED_SELECTOR = YES;
				GCC_WARN_UNINITIALIZED_AUTOS = YES_AGGRESSIVE;
				GCC_WARN_UNUSED_FUNCTION = YES;
				GCC_WARN_UNUSED_VARIABLE = YES;
				IPHONEOS_DEPLOYMENT_TARGET = 12.1;
				MTL_ENABLE_DEBUG_INFO = INCLUDE_SOURCE;
				MTL_FAST_MATH = YES;
				ONLY_ACTIVE_ARCH = YES;
				SDKROOT = iphoneos;
				SWIFT_ACTIVE_COMPILATION_CONDITIONS = DEBUG;
				SWIFT_OPTIMIZATION_LEVEL = "-Onone";
			};
			name = Debug;
		};
		10E6344421E9B28F009F4832 /* Release */ = {
			isa = XCBuildConfiguration;
			buildSettings = {
				ALWAYS_SEARCH_USER_PATHS = NO;
				CLANG_ANALYZER_NONNULL = YES;
				CLANG_ANALYZER_NUMBER_OBJECT_CONVERSION = YES_AGGRESSIVE;
				CLANG_CXX_LANGUAGE_STANDARD = "gnu++14";
				CLANG_CXX_LIBRARY = "libc++";
				CLANG_ENABLE_MODULES = YES;
				CLANG_ENABLE_OBJC_ARC = YES;
				CLANG_ENABLE_OBJC_WEAK = YES;
				CLANG_WARN_BLOCK_CAPTURE_AUTORELEASING = YES;
				CLANG_WARN_BOOL_CONVERSION = YES;
				CLANG_WARN_COMMA = YES;
				CLANG_WARN_CONSTANT_CONVERSION = YES;
				CLANG_WARN_DEPRECATED_OBJC_IMPLEMENTATIONS = YES;
				CLANG_WARN_DIRECT_OBJC_ISA_USAGE = YES_ERROR;
				CLANG_WARN_DOCUMENTATION_COMMENTS = YES;
				CLANG_WARN_EMPTY_BODY = YES;
				CLANG_WARN_ENUM_CONVERSION = YES;
				CLANG_WARN_INFINITE_RECURSION = YES;
				CLANG_WARN_INT_CONVERSION = YES;
				CLANG_WARN_NON_LITERAL_NULL_CONVERSION = YES;
				CLANG_WARN_OBJC_IMPLICIT_RETAIN_SELF = YES;
				CLANG_WARN_OBJC_LITERAL_CONVERSION = YES;
				CLANG_WARN_OBJC_ROOT_CLASS = YES_ERROR;
				CLANG_WARN_RANGE_LOOP_ANALYSIS = YES;
				CLANG_WARN_STRICT_PROTOTYPES = YES;
				CLANG_WARN_SUSPICIOUS_MOVE = YES;
				CLANG_WARN_UNGUARDED_AVAILABILITY = YES_AGGRESSIVE;
				CLANG_WARN_UNREACHABLE_CODE = YES;
				CLANG_WARN__DUPLICATE_METHOD_MATCH = YES;
				CODE_SIGN_IDENTITY = "iPhone Developer";
				COPY_PHASE_STRIP = NO;
				DEBUG_INFORMATION_FORMAT = "dwarf-with-dsym";
				ENABLE_NS_ASSERTIONS = NO;
				ENABLE_STRICT_OBJC_MSGSEND = YES;
				GCC_C_LANGUAGE_STANDARD = gnu11;
				GCC_NO_COMMON_BLOCKS = YES;
				GCC_WARN_64_TO_32_BIT_CONVERSION = YES;
				GCC_WARN_ABOUT_RETURN_TYPE = YES_ERROR;
				GCC_WARN_UNDECLARED_SELECTOR = YES;
				GCC_WARN_UNINITIALIZED_AUTOS = YES_AGGRESSIVE;
				GCC_WARN_UNUSED_FUNCTION = YES;
				GCC_WARN_UNUSED_VARIABLE = YES;
				IPHONEOS_DEPLOYMENT_TARGET = 12.1;
				MTL_ENABLE_DEBUG_INFO = NO;
				MTL_FAST_MATH = YES;
				SDKROOT = iphoneos;
				SWIFT_COMPILATION_MODE = wholemodule;
				SWIFT_OPTIMIZATION_LEVEL = "-O";
				VALIDATE_PRODUCT = YES;
			};
			name = Release;
		};
		10E6344621E9B28F009F4832 /* Debug */ = {
			isa = XCBuildConfiguration;
			baseConfigurationReference = DEAAD200A94832CC06C71E56 /* Pods-OktaPKCE.debug.xcconfig */;
			buildSettings = {
				ASSETCATALOG_COMPILER_APPICON_NAME = AppIcon;
				CODE_SIGN_STYLE = Automatic;
				INFOPLIST_FILE = OktaPKCE/Info.plist;
				LD_RUNPATH_SEARCH_PATHS = (
					"$(inherited)",
					"@executable_path/Frameworks",
				);
				PRODUCT_BUNDLE_IDENTIFIER = pgonzlai.OktaPKCE;
				PRODUCT_NAME = "$(TARGET_NAME)";
				SWIFT_VERSION = 4.2;
				TARGETED_DEVICE_FAMILY = "1,2";
			};
			name = Debug;
		};
		10E6344721E9B28F009F4832 /* Release */ = {
			isa = XCBuildConfiguration;
			baseConfigurationReference = 7DE82947FFFCBC75CE864BA9 /* Pods-OktaPKCE.release.xcconfig */;
			buildSettings = {
				ASSETCATALOG_COMPILER_APPICON_NAME = AppIcon;
				CODE_SIGN_STYLE = Automatic;
				INFOPLIST_FILE = OktaPKCE/Info.plist;
				LD_RUNPATH_SEARCH_PATHS = (
					"$(inherited)",
					"@executable_path/Frameworks",
				);
				PRODUCT_BUNDLE_IDENTIFIER = pgonzlai.OktaPKCE;
				PRODUCT_NAME = "$(TARGET_NAME)";
				SWIFT_VERSION = 4.2;
				TARGETED_DEVICE_FAMILY = "1,2";
			};
			name = Release;
		};
		10E6344921E9B28F009F4832 /* Debug */ = {
			isa = XCBuildConfiguration;
			baseConfigurationReference = AA48158F26FDAFFB0F104C89 /* Pods-OktaPKCETests.debug.xcconfig */;
			buildSettings = {
				ALWAYS_EMBED_SWIFT_STANDARD_LIBRARIES = YES;
				BUNDLE_LOADER = "$(TEST_HOST)";
				CODE_SIGN_STYLE = Automatic;
				INFOPLIST_FILE = OktaPKCETests/Info.plist;
				LD_RUNPATH_SEARCH_PATHS = (
					"$(inherited)",
					"@executable_path/Frameworks",
					"@loader_path/Frameworks",
				);
				PRODUCT_BUNDLE_IDENTIFIER = pgonzlai.OktaPKCETests;
				PRODUCT_NAME = "$(TARGET_NAME)";
				SWIFT_VERSION = 4.2;
				TARGETED_DEVICE_FAMILY = "1,2";
				TEST_HOST = "$(BUILT_PRODUCTS_DIR)/OktaPKCE.app/OktaPKCE";
			};
			name = Debug;
		};
		10E6344A21E9B28F009F4832 /* Release */ = {
			isa = XCBuildConfiguration;
			baseConfigurationReference = 6A0A04DF45F43DF050E02BCE /* Pods-OktaPKCETests.release.xcconfig */;
			buildSettings = {
				ALWAYS_EMBED_SWIFT_STANDARD_LIBRARIES = YES;
				BUNDLE_LOADER = "$(TEST_HOST)";
				CODE_SIGN_STYLE = Automatic;
				INFOPLIST_FILE = OktaPKCETests/Info.plist;
				LD_RUNPATH_SEARCH_PATHS = (
					"$(inherited)",
					"@executable_path/Frameworks",
					"@loader_path/Frameworks",
				);
				PRODUCT_BUNDLE_IDENTIFIER = pgonzlai.OktaPKCETests;
				PRODUCT_NAME = "$(TARGET_NAME)";
				SWIFT_VERSION = 4.2;
				TARGETED_DEVICE_FAMILY = "1,2";
				TEST_HOST = "$(BUILT_PRODUCTS_DIR)/OktaPKCE.app/OktaPKCE";
			};
			name = Release;
		};
		10E6344C21E9B28F009F4832 /* Debug */ = {
			isa = XCBuildConfiguration;
			baseConfigurationReference = 634C9ADB90DD0DC867AD8FFF /* Pods-OktaPKCEUITests.debug.xcconfig */;
			buildSettings = {
				ALWAYS_EMBED_SWIFT_STANDARD_LIBRARIES = YES;
				CODE_SIGN_STYLE = Automatic;
				INFOPLIST_FILE = OktaPKCEUITests/Info.plist;
				LD_RUNPATH_SEARCH_PATHS = (
					"$(inherited)",
					"@executable_path/Frameworks",
					"@loader_path/Frameworks",
				);
				PRODUCT_BUNDLE_IDENTIFIER = pgonzlai.OktaPKCEUITests;
				PRODUCT_NAME = "$(TARGET_NAME)";
				SWIFT_VERSION = 4.2;
				TARGETED_DEVICE_FAMILY = "1,2";
				TEST_TARGET_NAME = OktaPKCE;
			};
			name = Debug;
		};
		10E6344D21E9B28F009F4832 /* Release */ = {
			isa = XCBuildConfiguration;
			baseConfigurationReference = 766BAF056F3850BC761C7E7E /* Pods-OktaPKCEUITests.release.xcconfig */;
			buildSettings = {
				ALWAYS_EMBED_SWIFT_STANDARD_LIBRARIES = YES;
				CODE_SIGN_STYLE = Automatic;
				INFOPLIST_FILE = OktaPKCEUITests/Info.plist;
				LD_RUNPATH_SEARCH_PATHS = (
					"$(inherited)",
					"@executable_path/Frameworks",
					"@loader_path/Frameworks",
				);
				PRODUCT_BUNDLE_IDENTIFIER = pgonzlai.OktaPKCEUITests;
				PRODUCT_NAME = "$(TARGET_NAME)";
				SWIFT_VERSION = 4.2;
				TARGETED_DEVICE_FAMILY = "1,2";
				TEST_TARGET_NAME = OktaPKCE;
			};
			name = Release;
		};
/* End XCBuildConfiguration section */

/* Begin XCConfigurationList section */
		10E6341821E9B28B009F4832 /* Build configuration list for PBXProject "OktaPKCE" */ = {
			isa = XCConfigurationList;
			buildConfigurations = (
				10E6344321E9B28F009F4832 /* Debug */,
				10E6344421E9B28F009F4832 /* Release */,
			);
			defaultConfigurationIsVisible = 0;
			defaultConfigurationName = Release;
		};
		10E6344521E9B28F009F4832 /* Build configuration list for PBXNativeTarget "OktaPKCE" */ = {
			isa = XCConfigurationList;
			buildConfigurations = (
				10E6344621E9B28F009F4832 /* Debug */,
				10E6344721E9B28F009F4832 /* Release */,
			);
			defaultConfigurationIsVisible = 0;
			defaultConfigurationName = Release;
		};
		10E6344821E9B28F009F4832 /* Build configuration list for PBXNativeTarget "OktaPKCETests" */ = {
			isa = XCConfigurationList;
			buildConfigurations = (
				10E6344921E9B28F009F4832 /* Debug */,
				10E6344A21E9B28F009F4832 /* Release */,
			);
			defaultConfigurationIsVisible = 0;
			defaultConfigurationName = Release;
		};
		10E6344B21E9B28F009F4832 /* Build configuration list for PBXNativeTarget "OktaPKCEUITests" */ = {
			isa = XCConfigurationList;
			buildConfigurations = (
				10E6344C21E9B28F009F4832 /* Debug */,
				10E6344D21E9B28F009F4832 /* Release */,
			);
			defaultConfigurationIsVisible = 0;
			defaultConfigurationName = Release;
		};
/* End XCConfigurationList section */
	};
	rootObject = 10E6341521E9B28B009F4832 /* Project object */;
}
